
Microsoft Visual Studio Solution File, Format Version 12.00
# Visual Studio Version 16
VisualStudioVersion = 16.0.29123.88
MinimumVisualStudioVersion = 10.0.40219.1
Project("{FAE04EC0-301F-11D3-BF4B-00C04F79EFBC}") = "MiraiNotes.UWP", "MiraiNotes.UWP\MiraiNotes.UWP.csproj", "{15746AB2-E9D0-4580-9636-5736A619301E}"
EndProject
Project("{9A19103F-16F7-4668-BE54-9A1E7A4F7556}") = "MiraiNotes.Shared", "MiraiNotes.Shared\MiraiNotes.Shared.csproj", "{13C950F5-4DBB-4992-8A4F-407A61626963}"
EndProject
Project("{FAE04EC0-301F-11D3-BF4B-00C04F79EFBC}") = "MiraiNotes.Android", "MiraiNotes.Android\MiraiNotes.Android.csproj", "{3BC0AC7E-3B3B-4D3F-9CC0-B2BDECC460A6}"
EndProject
Project("{9A19103F-16F7-4668-BE54-9A1E7A4F7556}") = "MiraiNotes.Abstractions", "MiraiNotes.Abstractions\MiraiNotes.Abstractions.csproj", "{6D6BFEE5-9534-4B2B-AA4C-C7CFD9D06F04}"
EndProject
Project("{9A19103F-16F7-4668-BE54-9A1E7A4F7556}") = "MiraiNotes.Core", "MiraiNotes.Core\MiraiNotes.Core.csproj", "{C1948FBA-B65E-438B-8FBD-62E2D1ACB3FC}"
EndProject
Project("{FAE04EC0-301F-11D3-BF4B-00C04F79EFBC}") = "MiraiNotes.Android.UiTests", "MiraiNotes.Android.UiTests\MiraiNotes.Android.UiTests.csproj", "{1013313E-D21A-4886-8F9C-7FA95FF8A5D7}"
EndProject
Global
	GlobalSection(SolutionConfigurationPlatforms) = preSolution
		AndroidDebug|Any CPU = AndroidDebug|Any CPU
		AndroidDebug|ARM = AndroidDebug|ARM
		AndroidDebug|x64 = AndroidDebug|x64
		AndroidDebug|x86 = AndroidDebug|x86
		AndroidRelease|Any CPU = AndroidRelease|Any CPU
		AndroidRelease|ARM = AndroidRelease|ARM
		AndroidRelease|x64 = AndroidRelease|x64
		AndroidRelease|x86 = AndroidRelease|x86
		UwpDebug|Any CPU = UwpDebug|Any CPU
		UwpDebug|ARM = UwpDebug|ARM
		UwpDebug|x64 = UwpDebug|x64
		UwpDebug|x86 = UwpDebug|x86
		UwpRelease|Any CPU = UwpRelease|Any CPU
		UwpRelease|ARM = UwpRelease|ARM
		UwpRelease|x64 = UwpRelease|x64
		UwpRelease|x86 = UwpRelease|x86
	EndGlobalSection
	GlobalSection(ProjectConfigurationPlatforms) = postSolution
		{15746AB2-E9D0-4580-9636-5736A619301E}.AndroidDebug|Any CPU.ActiveCfg = AndroidDebug|x86
		{15746AB2-E9D0-4580-9636-5736A619301E}.AndroidDebug|ARM.ActiveCfg = AndroidDebug|ARM
		{15746AB2-E9D0-4580-9636-5736A619301E}.AndroidDebug|x64.ActiveCfg = AndroidDebug|x64
		{15746AB2-E9D0-4580-9636-5736A619301E}.AndroidDebug|x86.ActiveCfg = AndroidDebug|x86
		{15746AB2-E9D0-4580-9636-5736A619301E}.AndroidRelease|Any CPU.ActiveCfg = AndroidRelease|x86
		{15746AB2-E9D0-4580-9636-5736A619301E}.AndroidRelease|ARM.ActiveCfg = AndroidRelease|ARM
		{15746AB2-E9D0-4580-9636-5736A619301E}.AndroidRelease|x64.ActiveCfg = AndroidRelease|x64
		{15746AB2-E9D0-4580-9636-5736A619301E}.AndroidRelease|x86.ActiveCfg = UwpRelease|x86
		{15746AB2-E9D0-4580-9636-5736A619301E}.UwpDebug|Any CPU.ActiveCfg = UwpDebug|x86
		{15746AB2-E9D0-4580-9636-5736A619301E}.UwpDebug|Any CPU.Build.0 = UwpDebug|x86
		{15746AB2-E9D0-4580-9636-5736A619301E}.UwpDebug|Any CPU.Deploy.0 = UwpDebug|x86
		{15746AB2-E9D0-4580-9636-5736A619301E}.UwpDebug|ARM.ActiveCfg = UwpDebug|ARM
		{15746AB2-E9D0-4580-9636-5736A619301E}.UwpDebug|ARM.Build.0 = UwpDebug|ARM
		{15746AB2-E9D0-4580-9636-5736A619301E}.UwpDebug|ARM.Deploy.0 = UwpDebug|ARM
		{15746AB2-E9D0-4580-9636-5736A619301E}.UwpDebug|x64.ActiveCfg = UwpDebug|x64
		{15746AB2-E9D0-4580-9636-5736A619301E}.UwpDebug|x64.Build.0 = UwpDebug|x64
		{15746AB2-E9D0-4580-9636-5736A619301E}.UwpDebug|x64.Deploy.0 = UwpDebug|x64
		{15746AB2-E9D0-4580-9636-5736A619301E}.UwpDebug|x86.ActiveCfg = UwpDebug|x86
		{15746AB2-E9D0-4580-9636-5736A619301E}.UwpDebug|x86.Build.0 = UwpDebug|x86
		{15746AB2-E9D0-4580-9636-5736A619301E}.UwpDebug|x86.Deploy.0 = UwpDebug|x86
		{15746AB2-E9D0-4580-9636-5736A619301E}.UwpRelease|Any CPU.ActiveCfg = UwpRelease|x86
		{15746AB2-E9D0-4580-9636-5736A619301E}.UwpRelease|Any CPU.Build.0 = UwpRelease|x86
		{15746AB2-E9D0-4580-9636-5736A619301E}.UwpRelease|Any CPU.Deploy.0 = UwpRelease|x86
		{15746AB2-E9D0-4580-9636-5736A619301E}.UwpRelease|ARM.ActiveCfg = UwpRelease|ARM
		{15746AB2-E9D0-4580-9636-5736A619301E}.UwpRelease|ARM.Build.0 = UwpRelease|ARM
		{15746AB2-E9D0-4580-9636-5736A619301E}.UwpRelease|ARM.Deploy.0 = UwpRelease|ARM
		{15746AB2-E9D0-4580-9636-5736A619301E}.UwpRelease|x64.ActiveCfg = UwpRelease|x64
		{15746AB2-E9D0-4580-9636-5736A619301E}.UwpRelease|x64.Build.0 = UwpRelease|x64
		{15746AB2-E9D0-4580-9636-5736A619301E}.UwpRelease|x64.Deploy.0 = UwpRelease|x64
		{15746AB2-E9D0-4580-9636-5736A619301E}.UwpRelease|x86.ActiveCfg = UwpRelease|x86
		{15746AB2-E9D0-4580-9636-5736A619301E}.UwpRelease|x86.Build.0 = UwpRelease|x86
		{15746AB2-E9D0-4580-9636-5736A619301E}.UwpRelease|x86.Deploy.0 = UwpRelease|x86
		{13C950F5-4DBB-4992-8A4F-407A61626963}.AndroidDebug|Any CPU.ActiveCfg = AndroidDebug|Any CPU
		{13C950F5-4DBB-4992-8A4F-407A61626963}.AndroidDebug|Any CPU.Build.0 = AndroidDebug|Any CPU
		{13C950F5-4DBB-4992-8A4F-407A61626963}.AndroidDebug|ARM.ActiveCfg = AndroidDebug|Any CPU
		{13C950F5-4DBB-4992-8A4F-407A61626963}.AndroidDebug|ARM.Build.0 = AndroidDebug|Any CPU
		{13C950F5-4DBB-4992-8A4F-407A61626963}.AndroidDebug|x64.ActiveCfg = AndroidDebug|Any CPU
		{13C950F5-4DBB-4992-8A4F-407A61626963}.AndroidDebug|x64.Build.0 = AndroidDebug|Any CPU
		{13C950F5-4DBB-4992-8A4F-407A61626963}.AndroidDebug|x86.ActiveCfg = AndroidDebug|Any CPU
		{13C950F5-4DBB-4992-8A4F-407A61626963}.AndroidDebug|x86.Build.0 = AndroidDebug|Any CPU
		{13C950F5-4DBB-4992-8A4F-407A61626963}.AndroidRelease|Any CPU.ActiveCfg = AndroidRelease|Any CPU
		{13C950F5-4DBB-4992-8A4F-407A61626963}.AndroidRelease|Any CPU.Build.0 = AndroidRelease|Any CPU
		{13C950F5-4DBB-4992-8A4F-407A61626963}.AndroidRelease|ARM.ActiveCfg = AndroidRelease|Any CPU
		{13C950F5-4DBB-4992-8A4F-407A61626963}.AndroidRelease|ARM.Build.0 = AndroidRelease|Any CPU
		{13C950F5-4DBB-4992-8A4F-407A61626963}.AndroidRelease|x64.ActiveCfg = AndroidRelease|Any CPU
		{13C950F5-4DBB-4992-8A4F-407A61626963}.AndroidRelease|x64.Build.0 = AndroidRelease|Any CPU
		{13C950F5-4DBB-4992-8A4F-407A61626963}.AndroidRelease|x86.ActiveCfg = AndroidRelease|Any CPU
		{13C950F5-4DBB-4992-8A4F-407A61626963}.AndroidRelease|x86.Build.0 = AndroidRelease|Any CPU
		{13C950F5-4DBB-4992-8A4F-407A61626963}.UwpDebug|Any CPU.ActiveCfg = UwpDebug|Any CPU
		{13C950F5-4DBB-4992-8A4F-407A61626963}.UwpDebug|Any CPU.Build.0 = UwpDebug|Any CPU
		{13C950F5-4DBB-4992-8A4F-407A61626963}.UwpDebug|ARM.ActiveCfg = UwpDebug|Any CPU
		{13C950F5-4DBB-4992-8A4F-407A61626963}.UwpDebug|ARM.Build.0 = UwpDebug|Any CPU
		{13C950F5-4DBB-4992-8A4F-407A61626963}.UwpDebug|x64.ActiveCfg = UwpDebug|Any CPU
		{13C950F5-4DBB-4992-8A4F-407A61626963}.UwpDebug|x64.Build.0 = UwpDebug|Any CPU
		{13C950F5-4DBB-4992-8A4F-407A61626963}.UwpDebug|x86.ActiveCfg = UwpDebug|Any CPU
		{13C950F5-4DBB-4992-8A4F-407A61626963}.UwpDebug|x86.Build.0 = UwpDebug|Any CPU
		{13C950F5-4DBB-4992-8A4F-407A61626963}.UwpRelease|Any CPU.ActiveCfg = UwpRelease|Any CPU
		{13C950F5-4DBB-4992-8A4F-407A61626963}.UwpRelease|Any CPU.Build.0 = UwpRelease|Any CPU
		{13C950F5-4DBB-4992-8A4F-407A61626963}.UwpRelease|ARM.ActiveCfg = UwpRelease|Any CPU
		{13C950F5-4DBB-4992-8A4F-407A61626963}.UwpRelease|ARM.Build.0 = UwpRelease|Any CPU
		{13C950F5-4DBB-4992-8A4F-407A61626963}.UwpRelease|x64.ActiveCfg = UwpRelease|Any CPU
		{13C950F5-4DBB-4992-8A4F-407A61626963}.UwpRelease|x64.Build.0 = UwpRelease|Any CPU
		{13C950F5-4DBB-4992-8A4F-407A61626963}.UwpRelease|x86.ActiveCfg = UwpRelease|Any CPU
		{13C950F5-4DBB-4992-8A4F-407A61626963}.UwpRelease|x86.Build.0 = UwpRelease|Any CPU
		{3BC0AC7E-3B3B-4D3F-9CC0-B2BDECC460A6}.AndroidDebug|Any CPU.ActiveCfg = AndroidDebug|Any CPU
		{3BC0AC7E-3B3B-4D3F-9CC0-B2BDECC460A6}.AndroidDebug|Any CPU.Build.0 = AndroidDebug|Any CPU
		{3BC0AC7E-3B3B-4D3F-9CC0-B2BDECC460A6}.AndroidDebug|Any CPU.Deploy.0 = AndroidDebug|Any CPU
		{3BC0AC7E-3B3B-4D3F-9CC0-B2BDECC460A6}.AndroidDebug|ARM.ActiveCfg = AndroidDebug|Any CPU
		{3BC0AC7E-3B3B-4D3F-9CC0-B2BDECC460A6}.AndroidDebug|ARM.Build.0 = AndroidDebug|Any CPU
		{3BC0AC7E-3B3B-4D3F-9CC0-B2BDECC460A6}.AndroidDebug|ARM.Deploy.0 = AndroidDebug|Any CPU
		{3BC0AC7E-3B3B-4D3F-9CC0-B2BDECC460A6}.AndroidDebug|x64.ActiveCfg = AndroidDebug|Any CPU
		{3BC0AC7E-3B3B-4D3F-9CC0-B2BDECC460A6}.AndroidDebug|x64.Build.0 = AndroidDebug|Any CPU
		{3BC0AC7E-3B3B-4D3F-9CC0-B2BDECC460A6}.AndroidDebug|x64.Deploy.0 = AndroidDebug|Any CPU
		{3BC0AC7E-3B3B-4D3F-9CC0-B2BDECC460A6}.AndroidDebug|x86.ActiveCfg = AndroidDebug|Any CPU
		{3BC0AC7E-3B3B-4D3F-9CC0-B2BDECC460A6}.AndroidDebug|x86.Build.0 = AndroidDebug|Any CPU
		{3BC0AC7E-3B3B-4D3F-9CC0-B2BDECC460A6}.AndroidDebug|x86.Deploy.0 = AndroidDebug|Any CPU
		{3BC0AC7E-3B3B-4D3F-9CC0-B2BDECC460A6}.AndroidRelease|Any CPU.ActiveCfg = AndroidRelease|Any CPU
		{3BC0AC7E-3B3B-4D3F-9CC0-B2BDECC460A6}.AndroidRelease|Any CPU.Build.0 = AndroidRelease|Any CPU
		{3BC0AC7E-3B3B-4D3F-9CC0-B2BDECC460A6}.AndroidRelease|Any CPU.Deploy.0 = AndroidRelease|Any CPU
		{3BC0AC7E-3B3B-4D3F-9CC0-B2BDECC460A6}.AndroidRelease|ARM.ActiveCfg = AndroidRelease|Any CPU
		{3BC0AC7E-3B3B-4D3F-9CC0-B2BDECC460A6}.AndroidRelease|ARM.Build.0 = AndroidRelease|Any CPU
		{3BC0AC7E-3B3B-4D3F-9CC0-B2BDECC460A6}.AndroidRelease|ARM.Deploy.0 = AndroidRelease|Any CPU
		{3BC0AC7E-3B3B-4D3F-9CC0-B2BDECC460A6}.AndroidRelease|x64.ActiveCfg = AndroidRelease|Any CPU
		{3BC0AC7E-3B3B-4D3F-9CC0-B2BDECC460A6}.AndroidRelease|x64.Build.0 = AndroidRelease|Any CPU
		{3BC0AC7E-3B3B-4D3F-9CC0-B2BDECC460A6}.AndroidRelease|x64.Deploy.0 = AndroidRelease|Any CPU
		{3BC0AC7E-3B3B-4D3F-9CC0-B2BDECC460A6}.AndroidRelease|x86.ActiveCfg = AndroidRelease|Any CPU
		{3BC0AC7E-3B3B-4D3F-9CC0-B2BDECC460A6}.AndroidRelease|x86.Build.0 = AndroidRelease|Any CPU
		{3BC0AC7E-3B3B-4D3F-9CC0-B2BDECC460A6}.AndroidRelease|x86.Deploy.0 = AndroidRelease|Any CPU
		{3BC0AC7E-3B3B-4D3F-9CC0-B2BDECC460A6}.UwpDebug|Any CPU.ActiveCfg = AndroidRelease|Any CPU
		{3BC0AC7E-3B3B-4D3F-9CC0-B2BDECC460A6}.UwpDebug|Any CPU.Build.0 = AndroidRelease|Any CPU
		{3BC0AC7E-3B3B-4D3F-9CC0-B2BDECC460A6}.UwpDebug|Any CPU.Deploy.0 = AndroidRelease|Any CPU
		{3BC0AC7E-3B3B-4D3F-9CC0-B2BDECC460A6}.UwpDebug|ARM.ActiveCfg = AndroidRelease|Any CPU
		{3BC0AC7E-3B3B-4D3F-9CC0-B2BDECC460A6}.UwpDebug|ARM.Build.0 = AndroidRelease|Any CPU
		{3BC0AC7E-3B3B-4D3F-9CC0-B2BDECC460A6}.UwpDebug|ARM.Deploy.0 = AndroidRelease|Any CPU
		{3BC0AC7E-3B3B-4D3F-9CC0-B2BDECC460A6}.UwpDebug|x64.ActiveCfg = AndroidRelease|Any CPU
		{3BC0AC7E-3B3B-4D3F-9CC0-B2BDECC460A6}.UwpDebug|x64.Build.0 = AndroidRelease|Any CPU
		{3BC0AC7E-3B3B-4D3F-9CC0-B2BDECC460A6}.UwpDebug|x64.Deploy.0 = AndroidRelease|Any CPU
		{3BC0AC7E-3B3B-4D3F-9CC0-B2BDECC460A6}.UwpDebug|x86.ActiveCfg = AndroidDebug|Any CPU
		{3BC0AC7E-3B3B-4D3F-9CC0-B2BDECC460A6}.UwpRelease|Any CPU.ActiveCfg = AndroidRelease|Any CPU
		{3BC0AC7E-3B3B-4D3F-9CC0-B2BDECC460A6}.UwpRelease|Any CPU.Build.0 = AndroidRelease|Any CPU
		{3BC0AC7E-3B3B-4D3F-9CC0-B2BDECC460A6}.UwpRelease|Any CPU.Deploy.0 = AndroidRelease|Any CPU
		{3BC0AC7E-3B3B-4D3F-9CC0-B2BDECC460A6}.UwpRelease|ARM.ActiveCfg = AndroidRelease|Any CPU
		{3BC0AC7E-3B3B-4D3F-9CC0-B2BDECC460A6}.UwpRelease|ARM.Build.0 = AndroidRelease|Any CPU
		{3BC0AC7E-3B3B-4D3F-9CC0-B2BDECC460A6}.UwpRelease|ARM.Deploy.0 = AndroidRelease|Any CPU
		{3BC0AC7E-3B3B-4D3F-9CC0-B2BDECC460A6}.UwpRelease|x64.ActiveCfg = AndroidRelease|Any CPU
		{3BC0AC7E-3B3B-4D3F-9CC0-B2BDECC460A6}.UwpRelease|x64.Build.0 = AndroidRelease|Any CPU
		{3BC0AC7E-3B3B-4D3F-9CC0-B2BDECC460A6}.UwpRelease|x64.Deploy.0 = AndroidRelease|Any CPU
		{3BC0AC7E-3B3B-4D3F-9CC0-B2BDECC460A6}.UwpRelease|x86.ActiveCfg = AndroidRelease|Any CPU
		{3BC0AC7E-3B3B-4D3F-9CC0-B2BDECC460A6}.UwpRelease|x86.Build.0 = AndroidRelease|Any CPU
		{3BC0AC7E-3B3B-4D3F-9CC0-B2BDECC460A6}.UwpRelease|x86.Deploy.0 = AndroidRelease|Any CPU
		{6D6BFEE5-9534-4B2B-AA4C-C7CFD9D06F04}.AndroidDebug|Any CPU.ActiveCfg = Debug|Any CPU
		{6D6BFEE5-9534-4B2B-AA4C-C7CFD9D06F04}.AndroidDebug|Any CPU.Build.0 = Debug|Any CPU
		{6D6BFEE5-9534-4B2B-AA4C-C7CFD9D06F04}.AndroidDebug|ARM.ActiveCfg = Debug|Any CPU
		{6D6BFEE5-9534-4B2B-AA4C-C7CFD9D06F04}.AndroidDebug|ARM.Build.0 = Debug|Any CPU
		{6D6BFEE5-9534-4B2B-AA4C-C7CFD9D06F04}.AndroidDebug|x64.ActiveCfg = Debug|Any CPU
		{6D6BFEE5-9534-4B2B-AA4C-C7CFD9D06F04}.AndroidDebug|x64.Build.0 = Debug|Any CPU
		{6D6BFEE5-9534-4B2B-AA4C-C7CFD9D06F04}.AndroidDebug|x86.ActiveCfg = Debug|Any CPU
		{6D6BFEE5-9534-4B2B-AA4C-C7CFD9D06F04}.AndroidDebug|x86.Build.0 = Debug|Any CPU
		{6D6BFEE5-9534-4B2B-AA4C-C7CFD9D06F04}.AndroidRelease|Any CPU.ActiveCfg = Release|Any CPU
		{6D6BFEE5-9534-4B2B-AA4C-C7CFD9D06F04}.AndroidRelease|Any CPU.Build.0 = Release|Any CPU
		{6D6BFEE5-9534-4B2B-AA4C-C7CFD9D06F04}.AndroidRelease|ARM.ActiveCfg = Release|Any CPU
		{6D6BFEE5-9534-4B2B-AA4C-C7CFD9D06F04}.AndroidRelease|ARM.Build.0 = Release|Any CPU
		{6D6BFEE5-9534-4B2B-AA4C-C7CFD9D06F04}.AndroidRelease|x64.ActiveCfg = Release|Any CPU
		{6D6BFEE5-9534-4B2B-AA4C-C7CFD9D06F04}.AndroidRelease|x64.Build.0 = Release|Any CPU
		{6D6BFEE5-9534-4B2B-AA4C-C7CFD9D06F04}.AndroidRelease|x86.ActiveCfg = Release|Any CPU
		{6D6BFEE5-9534-4B2B-AA4C-C7CFD9D06F04}.AndroidRelease|x86.Build.0 = Release|Any CPU
		{6D6BFEE5-9534-4B2B-AA4C-C7CFD9D06F04}.UwpDebug|Any CPU.ActiveCfg = Debug|Any CPU
		{6D6BFEE5-9534-4B2B-AA4C-C7CFD9D06F04}.UwpDebug|Any CPU.Build.0 = Debug|Any CPU
		{6D6BFEE5-9534-4B2B-AA4C-C7CFD9D06F04}.UwpDebug|ARM.ActiveCfg = Debug|Any CPU
		{6D6BFEE5-9534-4B2B-AA4C-C7CFD9D06F04}.UwpDebug|ARM.Build.0 = Debug|Any CPU
		{6D6BFEE5-9534-4B2B-AA4C-C7CFD9D06F04}.UwpDebug|x64.ActiveCfg = Debug|Any CPU
		{6D6BFEE5-9534-4B2B-AA4C-C7CFD9D06F04}.UwpDebug|x64.Build.0 = Debug|Any CPU
		{6D6BFEE5-9534-4B2B-AA4C-C7CFD9D06F04}.UwpDebug|x86.ActiveCfg = Debug|Any CPU
		{6D6BFEE5-9534-4B2B-AA4C-C7CFD9D06F04}.UwpDebug|x86.Build.0 = Debug|Any CPU
		{6D6BFEE5-9534-4B2B-AA4C-C7CFD9D06F04}.UwpRelease|Any CPU.ActiveCfg = Release|Any CPU
		{6D6BFEE5-9534-4B2B-AA4C-C7CFD9D06F04}.UwpRelease|Any CPU.Build.0 = Release|Any CPU
		{6D6BFEE5-9534-4B2B-AA4C-C7CFD9D06F04}.UwpRelease|ARM.ActiveCfg = Release|Any CPU
		{6D6BFEE5-9534-4B2B-AA4C-C7CFD9D06F04}.UwpRelease|ARM.Build.0 = Release|Any CPU
		{6D6BFEE5-9534-4B2B-AA4C-C7CFD9D06F04}.UwpRelease|x64.ActiveCfg = Release|Any CPU
		{6D6BFEE5-9534-4B2B-AA4C-C7CFD9D06F04}.UwpRelease|x64.Build.0 = Release|Any CPU
		{6D6BFEE5-9534-4B2B-AA4C-C7CFD9D06F04}.UwpRelease|x86.ActiveCfg = Release|Any CPU
		{6D6BFEE5-9534-4B2B-AA4C-C7CFD9D06F04}.UwpRelease|x86.Build.0 = Release|Any CPU
		{C1948FBA-B65E-438B-8FBD-62E2D1ACB3FC}.AndroidDebug|Any CPU.ActiveCfg = Debug|Any CPU
		{C1948FBA-B65E-438B-8FBD-62E2D1ACB3FC}.AndroidDebug|Any CPU.Build.0 = Debug|Any CPU
		{C1948FBA-B65E-438B-8FBD-62E2D1ACB3FC}.AndroidDebug|ARM.ActiveCfg = Debug|Any CPU
		{C1948FBA-B65E-438B-8FBD-62E2D1ACB3FC}.AndroidDebug|ARM.Build.0 = Debug|Any CPU
		{C1948FBA-B65E-438B-8FBD-62E2D1ACB3FC}.AndroidDebug|x64.ActiveCfg = Debug|Any CPU
		{C1948FBA-B65E-438B-8FBD-62E2D1ACB3FC}.AndroidDebug|x64.Build.0 = Debug|Any CPU
		{C1948FBA-B65E-438B-8FBD-62E2D1ACB3FC}.AndroidDebug|x86.ActiveCfg = Debug|Any CPU
		{C1948FBA-B65E-438B-8FBD-62E2D1ACB3FC}.AndroidDebug|x86.Build.0 = Debug|Any CPU
		{C1948FBA-B65E-438B-8FBD-62E2D1ACB3FC}.AndroidRelease|Any CPU.ActiveCfg = Release|Any CPU
		{C1948FBA-B65E-438B-8FBD-62E2D1ACB3FC}.AndroidRelease|Any CPU.Build.0 = Release|Any CPU
		{C1948FBA-B65E-438B-8FBD-62E2D1ACB3FC}.AndroidRelease|ARM.ActiveCfg = Release|Any CPU
		{C1948FBA-B65E-438B-8FBD-62E2D1ACB3FC}.AndroidRelease|ARM.Build.0 = Release|Any CPU
		{C1948FBA-B65E-438B-8FBD-62E2D1ACB3FC}.AndroidRelease|x64.ActiveCfg = Release|Any CPU
		{C1948FBA-B65E-438B-8FBD-62E2D1ACB3FC}.AndroidRelease|x64.Build.0 = Release|Any CPU
		{C1948FBA-B65E-438B-8FBD-62E2D1ACB3FC}.AndroidRelease|x86.ActiveCfg = Release|Any CPU
		{C1948FBA-B65E-438B-8FBD-62E2D1ACB3FC}.AndroidRelease|x86.Build.0 = Release|Any CPU
		{C1948FBA-B65E-438B-8FBD-62E2D1ACB3FC}.UwpDebug|Any CPU.ActiveCfg = Debug|Any CPU
		{C1948FBA-B65E-438B-8FBD-62E2D1ACB3FC}.UwpDebug|Any CPU.Build.0 = Debug|Any CPU
		{C1948FBA-B65E-438B-8FBD-62E2D1ACB3FC}.UwpDebug|ARM.ActiveCfg = Debug|Any CPU
		{C1948FBA-B65E-438B-8FBD-62E2D1ACB3FC}.UwpDebug|ARM.Build.0 = Debug|Any CPU
		{C1948FBA-B65E-438B-8FBD-62E2D1ACB3FC}.UwpDebug|x64.ActiveCfg = Debug|Any CPU
		{C1948FBA-B65E-438B-8FBD-62E2D1ACB3FC}.UwpDebug|x64.Build.0 = Debug|Any CPU
		{C1948FBA-B65E-438B-8FBD-62E2D1ACB3FC}.UwpDebug|x86.ActiveCfg = Debug|Any CPU
		{C1948FBA-B65E-438B-8FBD-62E2D1ACB3FC}.UwpDebug|x86.Build.0 = Debug|Any CPU
		{C1948FBA-B65E-438B-8FBD-62E2D1ACB3FC}.UwpRelease|Any CPU.ActiveCfg = Release|Any CPU
		{C1948FBA-B65E-438B-8FBD-62E2D1ACB3FC}.UwpRelease|Any CPU.Build.0 = Release|Any CPU
		{C1948FBA-B65E-438B-8FBD-62E2D1ACB3FC}.UwpRelease|ARM.ActiveCfg = Release|Any CPU
		{C1948FBA-B65E-438B-8FBD-62E2D1ACB3FC}.UwpRelease|ARM.Build.0 = Release|Any CPU
		{C1948FBA-B65E-438B-8FBD-62E2D1ACB3FC}.UwpRelease|x64.ActiveCfg = Release|Any CPU
		{C1948FBA-B65E-438B-8FBD-62E2D1ACB3FC}.UwpRelease|x64.Build.0 = Release|Any CPU
		{C1948FBA-B65E-438B-8FBD-62E2D1ACB3FC}.UwpRelease|x86.ActiveCfg = Release|Any CPU
		{C1948FBA-B65E-438B-8FBD-62E2D1ACB3FC}.UwpRelease|x86.Build.0 = Release|Any CPU
		{1013313E-D21A-4886-8F9C-7FA95FF8A5D7}.AndroidDebug|Any CPU.ActiveCfg = Debug|Any CPU
		{1013313E-D21A-4886-8F9C-7FA95FF8A5D7}.AndroidDebug|Any CPU.Build.0 = Debug|Any CPU
		{1013313E-D21A-4886-8F9C-7FA95FF8A5D7}.AndroidDebug|ARM.ActiveCfg = Debug|Any CPU
		{1013313E-D21A-4886-8F9C-7FA95FF8A5D7}.AndroidDebug|ARM.Build.0 = Debug|Any CPU
		{1013313E-D21A-4886-8F9C-7FA95FF8A5D7}.AndroidDebug|x64.ActiveCfg = Debug|Any CPU
		{1013313E-D21A-4886-8F9C-7FA95FF8A5D7}.AndroidDebug|x64.Build.0 = Debug|Any CPU
		{1013313E-D21A-4886-8F9C-7FA95FF8A5D7}.AndroidDebug|x86.ActiveCfg = Debug|Any CPU
		{1013313E-D21A-4886-8F9C-7FA95FF8A5D7}.AndroidRelease|Any CPU.ActiveCfg = Release|Any CPU
		{1013313E-D21A-4886-8F9C-7FA95FF8A5D7}.AndroidRelease|Any CPU.Build.0 = Release|Any CPU
		{1013313E-D21A-4886-8F9C-7FA95FF8A5D7}.AndroidRelease|ARM.ActiveCfg = Release|Any CPU
		{1013313E-D21A-4886-8F9C-7FA95FF8A5D7}.AndroidRelease|ARM.Build.0 = Release|Any CPU
		{1013313E-D21A-4886-8F9C-7FA95FF8A5D7}.AndroidRelease|x64.ActiveCfg = Release|Any CPU
		{1013313E-D21A-4886-8F9C-7FA95FF8A5D7}.AndroidRelease|x64.Build.0 = Release|Any CPU
		{1013313E-D21A-4886-8F9C-7FA95FF8A5D7}.AndroidRelease|x86.ActiveCfg = Release|Any CPU
		{1013313E-D21A-4886-8F9C-7FA95FF8A5D7}.UwpDebug|Any CPU.ActiveCfg = Debug|Any CPU
		{1013313E-D21A-4886-8F9C-7FA95FF8A5D7}.UwpDebug|Any CPU.Build.0 = Debug|Any CPU
		{1013313E-D21A-4886-8F9C-7FA95FF8A5D7}.UwpDebug|ARM.ActiveCfg = Debug|Any CPU
		{1013313E-D21A-4886-8F9C-7FA95FF8A5D7}.UwpDebug|ARM.Build.0 = Debug|Any CPU
		{1013313E-D21A-4886-8F9C-7FA95FF8A5D7}.UwpDebug|x64.ActiveCfg = Debug|Any CPU
		{1013313E-D21A-4886-8F9C-7FA95FF8A5D7}.UwpDebug|x64.Build.0 = Debug|Any CPU
		{1013313E-D21A-4886-8F9C-7FA95FF8A5D7}.UwpDebug|x86.ActiveCfg = Debug|Any CPU
		{1013313E-D21A-4886-8F9C-7FA95FF8A5D7}.UwpRelease|Any CPU.ActiveCfg = Release|Any CPU
		{1013313E-D21A-4886-8F9C-7FA95FF8A5D7}.UwpRelease|Any CPU.Build.0 = Release|Any CPU
		{1013313E-D21A-4886-8F9C-7FA95FF8A5D7}.UwpRelease|ARM.ActiveCfg = Release|Any CPU
		{1013313E-D21A-4886-8F9C-7FA95FF8A5D7}.UwpRelease|ARM.Build.0 = Release|Any CPU
		{1013313E-D21A-4886-8F9C-7FA95FF8A5D7}.UwpRelease|x64.ActiveCfg = Release|Any CPU
		{1013313E-D21A-4886-8F9C-7FA95FF8A5D7}.UwpRelease|x64.Build.0 = Release|Any CPU
		{1013313E-D21A-4886-8F9C-7FA95FF8A5D7}.UwpRelease|x86.ActiveCfg = Release|Any CPU
	EndGlobalSection
	GlobalSection(SolutionProperties) = preSolution
		HideSolutionNode = FALSE
	EndGlobalSection
	GlobalSection(ExtensibilityGlobals) = postSolution
		SolutionGuid = {F407317E-44BB-4203-A460-341C12E1F9B5}
	EndGlobalSection
EndGlobal
